github.com/ebitengine/purego v0.11.0-alpha.6.0.20260707033313-5f49e7c49322 h1:DRV0C+Y8n0cds50o0yWKHWLtfldN40JYRyPuXzSZ4Ac=
github.com/ebitengine/purego v0.11.0-alpha.6.0.20260707033313-5f49e7c49322/go.mod h1:DCHPP08djqhNSoTfImcnHYQRZmd0qhakvrozqaEYhGQ=
golang.org/x/sys v0.44.0 h1:ildZl3J4uzeKP07r2F++Op7E9B29JRUy+a27EibtBTQ=
golang.org/x/sys v0.44.0/go.mod h1:4GL1E5IUh+htKOUEOaiffhrAeqysfVGipDYzABqnCmw=
hegel.dev/go/hegel v0.9.9 h1:s5k+KAVHbo8J+CwK7Sr+mggNe518WvOhMeU5HvyWAMg=
hegel.dev/go/hegel v0.9.9/go.mod h1:V/dVvRrW9MAzB7m1PLGgVnYtF/Psb4BvKCWkthw5eII=
